
Microsoft Visual Studio Solution File, Format Version 12.00
# Visual Studio 15
VisualStudioVersion = 15.0.27004.2006
MinimumVisualStudioVersion = 10.0.40219.1
Project("{FAE04EC0-301F-11D3-BF4B-00C04F79EFBC}") = "akademija.Web", "akademija.Web\akademija.Web.csproj", "{829585E1-7929-49E8-B12F-BD868686725B}"
EndProject
Project("{FAE04EC0-301F-11D3-BF4B-00C04F79EFBC}") = "akademija.EF", "akademija.EF\akademija.EF.csproj", "{80571C00-C9D3-46FA-AEBE-741DB3E04203}"
EndProject
Project("{FAE04EC0-301F-11D3-BF4B-00C04F79EFBC}") = "akademija.Application", "akademija.Application\akademija.Application.csproj", "{C7E697E3-D00B-45BD-B56B-6A273400392F}"
EndProject
Global
	GlobalSection(SolutionConfigurationPlatforms) = preSolution
		Debug|Any CPU = Debug|Any CPU
		Release|Any CPU = Release|Any CPU
	EndGlobalSection
	GlobalSection(ProjectConfigurationPlatforms) = postSolution
		{829585E1-7929-49E8-B12F-BD868686725B}.Debug|Any CPU.ActiveCfg = Debug|Any CPU
		{829585E1-7929-49E8-B12F-BD868686725B}.Debug|Any CPU.Build.0 = Debug|Any CPU
		{829585E1-7929-49E8-B12F-BD868686725B}.Release|Any CPU.ActiveCfg = Release|Any CPU
		{829585E1-7929-49E8-B12F-BD868686725B}.Release|Any CPU.Build.0 = Release|Any CPU
		{80571C00-C9D3-46FA-AEBE-741DB3E04203}.Debug|Any CPU.ActiveCfg = Debug|Any CPU
		{80571C00-C9D3-46FA-AEBE-741DB3E04203}.Debug|Any CPU.Build.0 = Debug|Any CPU
		{80571C00-C9D3-46FA-AEBE-741DB3E04203}.Release|Any CPU.ActiveCfg = Release|Any CPU
		{80571C00-C9D3-46FA-AEBE-741DB3E04203}.Release|Any CPU.Build.0 = Release|Any CPU
		{C7E697E3-D00B-45BD-B56B-6A273400392F}.Debug|Any CPU.ActiveCfg = Debug|Any CPU
		{C7E697E3-D00B-45BD-B56B-6A273400392F}.Debug|Any CPU.Build.0 = Debug|Any CPU
		{C7E697E3-D00B-45BD-B56B-6A273400392F}.Release|Any CPU.ActiveCfg = Release|Any CPU
		{C7E697E3-D00B-45BD-B56B-6A273400392F}.Release|Any CPU.Build.0 = Release|Any CPU
	EndGlobalSection
	GlobalSection(SolutionProperties) = preSolution
		HideSolutionNode = FALSE
	EndGlobalSection
	GlobalSection(ExtensibilityGlobals) = postSolution
		SolutionGuid = {EBE4B561-2AEA-4709-B683-7C80D050A873}
	EndGlobalSection
EndGlobal
